
Microsoft Visual Studio Solution File, Format Version 12.00
# Visual Studio Version 17
VisualStudioVersion = 17.0.31919.166
MinimumVisualStudioVersion = 10.0.40219.1
Project("{FAE04EC0-301F-11D3-BF4B-00C04F79EFBC}") = "KomgaInfoChanger", "KomgaInfoChanger\KomgaInfoChanger.csproj", "{3EA39833-025A-4633-B6D1-AE418D1016DC}"
EndProject
Global
	GlobalSection(SolutionConfigurationPlatforms) = preSolution
		Debug|Any CPU = Debug|Any CPU
		Release|Any CPU = Release|Any CPU
	EndGlobalSection
	GlobalSection(ProjectConfigurationPlatforms) = postSolution
		{3EA39833-025A-4633-B6D1-AE418D1016DC}.Debug|Any CPU.ActiveCfg = Debug|Any CPU
		{3EA39833-025A-4633-B6D1-AE418D1016DC}.Debug|Any CPU.Build.0 = Debug|Any CPU
		{3EA39833-025A-4633-B6D1-AE418D1016DC}.Release|Any CPU.ActiveCfg = Release|Any CPU
		{3EA39833-025A-4633-B6D1-AE418D1016DC}.Release|Any CPU.Build.0 = Release|Any CPU
	EndGlobalSection
	GlobalSection(SolutionProperties) = preSolution
		HideSolutionNode = FALSE
	EndGlobalSection
	GlobalSection(ExtensibilityGlobals) = postSolution
		SolutionGuid = {E9C51754-8665-41AE-B2C6-44E858E4CF4D}
	EndGlobalSection
EndGlobal
